
Microsoft Visual Studio Solution File, Format Version 12.00
# Visual Studio 15
VisualStudioVersion = 15.0.27703.2000
MinimumVisualStudioVersion = 10.0.40219.1
Project("{FAE04EC0-301F-11D3-BF4B-00C04F79EFBC}") = "LottieDemo.Android", "LottieDemo\LottieDemo.Android\LottieDemo.Android.csproj", "{7ED31454-D33E-43C9-AA12-77129587D6E5}"
EndProject
Project("{FAE04EC0-301F-11D3-BF4B-00C04F79EFBC}") = "LottieDemo.iOS", "LottieDemo\LottieDemo.iOS\LottieDemo.iOS.csproj", "{5018CF5B-9D79-4F18-AF8E-196593DEE50C}"
EndProject
Project("{FAE04EC0-301F-11D3-BF4B-00C04F79EFBC}") = "LottieDemo", "LottieDemo\LottieDemo\LottieDemo.csproj", "{AB76B0CC-FCE3-4E2F-8340-67A6436DA227}"
EndProject
Global
	GlobalSection(SolutionConfigurationPlatforms) = preSolution
		Ad-Hoc|Any CPU = Ad-Hoc|Any CPU
		Ad-Hoc|iPhone = Ad-Hoc|iPhone
		Ad-Hoc|iPhoneSimulator = Ad-Hoc|iPhoneSimulator
		AppStore|Any CPU = AppStore|Any CPU
		AppStore|iPhone = AppStore|iPhone
		AppStore|iPhoneSimulator = AppStore|iPhoneSimulator
		Debug|Any CPU = Debug|Any CPU
		Debug|iPhone = Debug|iPhone
		Debug|iPhoneSimulator = Debug|iPhoneSimulator
		Release|Any CPU = Release|Any CPU
		Release|iPhone = Release|iPhone
		Release|iPhoneSimulator = Release|iPhoneSimulator
	EndGlobalSection
	GlobalSection(ProjectConfigurationPlatforms) = postSolution
		{7ED31454-D33E-43C9-AA12-77129587D6E5}.Ad-Hoc|Any CPU.ActiveCfg = Release|Any CPU
		{7ED31454-D33E-43C9-AA12-77129587D6E5}.Ad-Hoc|Any CPU.Build.0 = Release|Any CPU
		{7ED31454-D33E-43C9-AA12-77129587D6E5}.Ad-Hoc|Any CPU.Deploy.0 = Release|Any CPU
		{7ED31454-D33E-43C9-AA12-77129587D6E5}.Ad-Hoc|iPhone.ActiveCfg = Release|Any CPU
		{7ED31454-D33E-43C9-AA12-77129587D6E5}.Ad-Hoc|iPhone.Build.0 = Release|Any CPU
		{7ED31454-D33E-43C9-AA12-77129587D6E5}.Ad-Hoc|iPhone.Deploy.0 = Release|Any CPU
		{7ED31454-D33E-43C9-AA12-77129587D6E5}.Ad-Hoc|iPhoneSimulator.ActiveCfg = Release|Any CPU
		{7ED31454-D33E-43C9-AA12-77129587D6E5}.Ad-Hoc|iPhoneSimulator.Build.0 = Release|Any CPU
		{7ED31454-D33E-43C9-AA12-77129587D6E5}.Ad-Hoc|iPhoneSimulator.Deploy.0 = Release|Any CPU
		{7ED31454-D33E-43C9-AA12-77129587D6E5}.AppStore|Any CPU.ActiveCfg = Release|Any CPU
		{7ED31454-D33E-43C9-AA12-77129587D6E5}.AppStore|Any CPU.Build.0 = Release|Any CPU
		{7ED31454-D33E-43C9-AA12-77129587D6E5}.AppStore|Any CPU.Deploy.0 = Release|Any CPU
		{7ED31454-D33E-43C9-AA12-77129587D6E5}.AppStore|iPhone.ActiveCfg = Release|Any CPU
		{7ED31454-D33E-43C9-AA12-77129587D6E5}.AppStore|iPhone.Build.0 = Release|Any CPU
		{7ED31454-D33E-43C9-AA12-77129587D6E5}.AppStore|iPhone.Deploy.0 = Release|Any CPU
		{7ED31454-D33E-43C9-AA12-77129587D6E5}.AppStore|iPhoneSimulator.ActiveCfg = Release|Any CPU
		{7ED31454-D33E-43C9-AA12-77129587D6E5}.AppStore|iPhoneSimulator.Build.0 = Release|Any CPU
		{7ED31454-D33E-43C9-AA12-77129587D6E5}.AppStore|iPhoneSimulator.Deploy.0 = Release|Any CPU
		{7ED31454-D33E-43C9-AA12-77129587D6E5}.Debug|Any CPU.ActiveCfg = Debug|Any CPU
		{7ED31454-D33E-43C9-AA12-77129587D6E5}.Debug|Any CPU.Build.0 = Debug|Any CPU
		{7ED31454-D33E-43C9-AA12-77129587D6E5}.Debug|Any CPU.Deploy.0 = Debug|Any CPU
		{7ED31454-D33E-43C9-AA12-77129587D6E5}.Debug|iPhone.ActiveCfg = Debug|Any CPU
		{7ED31454-D33E-43C9-AA12-77129587D6E5}.Debug|iPhone.Build.0 = Debug|Any CPU
		{7ED31454-D33E-43C9-AA12-77129587D6E5}.Debug|iPhone.Deploy.0 = Debug|Any CPU
		{7ED31454-D33E-43C9-AA12-77129587D6E5}.Debug|iPhoneSimulator.ActiveCfg = Debug|Any CPU
		{7ED31454-D33E-43C9-AA12-77129587D6E5}.Debug|iPhoneSimulator.Build.0 = Debug|Any CPU
		{7ED31454-D33E-43C9-AA12-77129587D6E5}.Debug|iPhoneSimulator.Deploy.0 = Debug|Any CPU
		{7ED31454-D33E-43C9-AA12-77129587D6E5}.Release|Any CPU.ActiveCfg = Release|Any CPU
		{7ED31454-D33E-43C9-AA12-77129587D6E5}.Release|Any CPU.Build.0 = Release|Any CPU
		{7ED31454-D33E-43C9-AA12-77129587D6E5}.Release|Any CPU.Deploy.0 = Release|Any CPU
		{7ED31454-D33E-43C9-AA12-77129587D6E5}.Release|iPhone.ActiveCfg = Release|Any CPU
		{7ED31454-D33E-43C9-AA12-77129587D6E5}.Release|iPhone.Build.0 = Release|Any CPU
		{7ED31454-D33E-43C9-AA12-77129587D6E5}.Release|iPhone.Deploy.0 = Release|Any CPU
		{7ED31454-D33E-43C9-AA12-77129587D6E5}.Release|iPhoneSimulator.ActiveCfg = Release|Any CPU
		{7ED31454-D33E-43C9-AA12-77129587D6E5}.Release|iPhoneSimulator.Build.0 = Release|Any CPU
		{7ED31454-D33E-43C9-AA12-77129587D6E5}.Release|iPhoneSimulator.Deploy.0 = Release|Any CPU
		{5018CF5B-9D79-4F18-AF8E-196593DEE50C}.Ad-Hoc|Any CPU.ActiveCfg = Ad-Hoc|iPhone
		{5018CF5B-9D79-4F18-AF8E-196593DEE50C}.Ad-Hoc|Any CPU.Build.0 = Ad-Hoc|iPhone
		{5018CF5B-9D79-4F18-AF8E-196593DEE50C}.Ad-Hoc|Any CPU.Deploy.0 = Ad-Hoc|iPhone
		{5018CF5B-9D79-4F18-AF8E-196593DEE50C}.Ad-Hoc|iPhone.ActiveCfg = Ad-Hoc|iPhone
		{5018CF5B-9D79-4F18-AF8E-196593DEE50C}.Ad-Hoc|iPhone.Build.0 = Ad-Hoc|iPhone
		{5018CF5B-9D79-4F18-AF8E-196593DEE50C}.Ad-Hoc|iPhone.Deploy.0 = Ad-Hoc|iPhone
		{5018CF5B-9D79-4F18-AF8E-196593DEE50C}.Ad-Hoc|iPhoneSimulator.ActiveCfg = Ad-Hoc|iPhoneSimulator
		{5018CF5B-9D79-4F18-AF8E-196593DEE50C}.Ad-Hoc|iPhoneSimulator.Build.0 = Ad-Hoc|iPhoneSimulator
		{5018CF5B-9D79-4F18-AF8E-196593DEE50C}.Ad-Hoc|iPhoneSimulator.Deploy.0 = Ad-Hoc|iPhoneSimulator
		{5018CF5B-9D79-4F18-AF8E-196593DEE50C}.AppStore|Any CPU.ActiveCfg = AppStore|iPhone
		{5018CF5B-9D79-4F18-AF8E-196593DEE50C}.AppStore|Any CPU.Build.0 = AppStore|iPhone
		{5018CF5B-9D79-4F18-AF8E-196593DEE50C}.AppStore|Any CPU.Deploy.0 = AppStore|iPhone
		{5018CF5B-9D79-4F18-AF8E-196593DEE50C}.AppStore|iPhone.ActiveCfg = AppStore|iPhone
		{5018CF5B-9D79-4F18-AF8E-196593DEE50C}.AppStore|iPhone.Build.0 = AppStore|iPhone
		{5018CF5B-9D79-4F18-AF8E-196593DEE50C}.AppStore|iPhone.Deploy.0 = AppStore|iPhone
		{5018CF5B-9D79-4F18-AF8E-196593DEE50C}.AppStore|iPhoneSimulator.ActiveCfg = AppStore|iPhoneSimulator
		{5018CF5B-9D79-4F18-AF8E-196593DEE50C}.AppStore|iPhoneSimulator.Build.0 = AppStore|iPhoneSimulator
		{5018CF5B-9D79-4F18-AF8E-196593DEE50C}.AppStore|iPhoneSimulator.Deploy.0 = AppStore|iPhoneSimulator
		{5018CF5B-9D79-4F18-AF8E-196593DEE50C}.Debug|Any CPU.ActiveCfg = Debug|iPhoneSimulator
		{5018CF5B-9D79-4F18-AF8E-196593DEE50C}.Debug|Any CPU.Build.0 = Debug|iPhoneSimulator
		{5018CF5B-9D79-4F18-AF8E-196593DEE50C}.Debug|Any CPU.Deploy.0 = Debug|iPhoneSimulator
		{5018CF5B-9D79-4F18-AF8E-196593DEE50C}.Debug|iPhone.ActiveCfg = Debug|iPhone
		{5018CF5B-9D79-4F18-AF8E-196593DEE50C}.Debug|iPhone.Build.0 = Debug|iPhone
		{5018CF5B-9D79-4F18-AF8E-196593DEE50C}.Debug|iPhone.Deploy.0 = Debug|iPhone
		{5018CF5B-9D79-4F18-AF8E-196593DEE50C}.Debug|iPhoneSimulator.ActiveCfg = Debug|iPhoneSimulator
		{5018CF5B-9D79-4F18-AF8E-196593DEE50C}.Debug|iPhoneSimulator.Build.0 = Debug|iPhoneSimulator
		{5018CF5B-9D79-4F18-AF8E-196593DEE50C}.Debug|iPhoneSimulator.Deploy.0 = Debug|iPhoneSimulator
		{5018CF5B-9D79-4F18-AF8E-196593DEE50C}.Release|Any CPU.ActiveCfg = Release|iPhone
		{5018CF5B-9D79-4F18-AF8E-196593DEE50C}.Release|Any CPU.Build.0 = Release|iPhone
		{5018CF5B-9D79-4F18-AF8E-196593DEE50C}.Release|Any CPU.Deploy.0 = Release|iPhone
		{5018CF5B-9D79-4F18-AF8E-196593DEE50C}.Release|iPhone.ActiveCfg = Release|iPhone
		{5018CF5B-9D79-4F18-AF8E-196593DEE50C}.Release|iPhone.Build.0 = Release|iPhone
		{5018CF5B-9D79-4F18-AF8E-196593DEE50C}.Release|iPhone.Deploy.0 = Release|iPhone
		{5018CF5B-9D79-4F18-AF8E-196593DEE50C}.Release|iPhoneSimulator.ActiveCfg = Release|iPhoneSimulator
		{5018CF5B-9D79-4F18-AF8E-196593DEE50C}.Release|iPhoneSimulator.Build.0 = Release|iPhoneSimulator
		{5018CF5B-9D79-4F18-AF8E-196593DEE50C}.Release|iPhoneSimulator.Deploy.0 = Release|iPhoneSimulator
		{AB76B0CC-FCE3-4E2F-8340-67A6436DA227}.Ad-Hoc|Any CPU.ActiveCfg = Debug|Any CPU
		{AB76B0CC-FCE3-4E2F-8340-67A6436DA227}.Ad-Hoc|Any CPU.Build.0 = Debug|Any CPU
		{AB76B0CC-FCE3-4E2F-8340-67A6436DA227}.Ad-Hoc|Any CPU.Deploy.0 = Debug|Any CPU
		{AB76B0CC-FCE3-4E2F-8340-67A6436DA227}.Ad-Hoc|iPhone.ActiveCfg = Debug|Any CPU
		{AB76B0CC-FCE3-4E2F-8340-67A6436DA227}.Ad-Hoc|iPhone.Build.0 = Debug|Any CPU
		{AB76B0CC-FCE3-4E2F-8340-67A6436DA227}.Ad-Hoc|iPhone.Deploy.0 = Debug|Any CPU
		{AB76B0CC-FCE3-4E2F-8340-67A6436DA227}.Ad-Hoc|iPhoneSimulator.ActiveCfg = Debug|Any CPU
		{AB76B0CC-FCE3-4E2F-8340-67A6436DA227}.Ad-Hoc|iPhoneSimulator.Build.0 = Debug|Any CPU
		{AB76B0CC-FCE3-4E2F-8340-67A6436DA227}.Ad-Hoc|iPhoneSimulator.Deploy.0 = Debug|Any CPU
		{AB76B0CC-FCE3-4E2F-8340-67A6436DA227}.AppStore|Any CPU.ActiveCfg = Debug|Any CPU
		{AB76B0CC-FCE3-4E2F-8340-67A6436DA227}.AppStore|Any CPU.Build.0 = Debug|Any CPU
		{AB76B0CC-FCE3-4E2F-8340-67A6436DA227}.AppStore|Any CPU.Deploy.0 = Debug|Any CPU
		{AB76B0CC-FCE3-4E2F-8340-67A6436DA227}.AppStore|iPhone.ActiveCfg = Debug|Any CPU
		{AB76B0CC-FCE3-4E2F-8340-67A6436DA227}.AppStore|iPhone.Build.0 = Debug|Any CPU
		{AB76B0CC-FCE3-4E2F-8340-67A6436DA227}.AppStore|iPhone.Deploy.0 = Debug|Any CPU
		{AB76B0CC-FCE3-4E2F-8340-67A6436DA227}.AppStore|iPhoneSimulator.ActiveCfg = Debug|Any CPU
		{AB76B0CC-FCE3-4E2F-8340-67A6436DA227}.AppStore|iPhoneSimulator.Build.0 = Debug|Any CPU
		{AB76B0CC-FCE3-4E2F-8340-67A6436DA227}.AppStore|iPhoneSimulator.Deploy.0 = Debug|Any CPU
		{AB76B0CC-FCE3-4E2F-8340-67A6436DA227}.Debug|Any CPU.ActiveCfg = Debug|Any CPU
		{AB76B0CC-FCE3-4E2F-8340-67A6436DA227}.Debug|Any CPU.Build.0 = Debug|Any CPU
		{AB76B0CC-FCE3-4E2F-8340-67A6436DA227}.Debug|Any CPU.Deploy.0 = Debug|Any CPU
		{AB76B0CC-FCE3-4E2F-8340-67A6436DA227}.Debug|iPhone.ActiveCfg = Debug|Any CPU
		{AB76B0CC-FCE3-4E2F-8340-67A6436DA227}.Debug|iPhone.Build.0 = Debug|Any CPU
		{AB76B0CC-FCE3-4E2F-8340-67A6436DA227}.Debug|iPhone.Deploy.0 = Debug|Any CPU
		{AB76B0CC-FCE3-4E2F-8340-67A6436DA227}.Debug|iPhoneSimulator.ActiveCfg = Debug|Any CPU
		{AB76B0CC-FCE3-4E2F-8340-67A6436DA227}.Debug|iPhoneSimulator.Build.0 = Debug|Any CPU
		{AB76B0CC-FCE3-4E2F-8340-67A6436DA227}.Debug|iPhoneSimulator.Deploy.0 = Debug|Any CPU
		{AB76B0CC-FCE3-4E2F-8340-67A6436DA227}.Release|Any CPU.ActiveCfg = Release|Any CPU
		{AB76B0CC-FCE3-4E2F-8340-67A6436DA227}.Release|Any CPU.Build.0 = Release|Any CPU
		{AB76B0CC-FCE3-4E2F-8340-67A6436DA227}.Release|Any CPU.Deploy.0 = Release|Any CPU
		{AB76B0CC-FCE3-4E2F-8340-67A6436DA227}.Release|iPhone.ActiveCfg = Release|Any CPU
		{AB76B0CC-FCE3-4E2F-8340-67A6436DA227}.Release|iPhone.Build.0 = Release|Any CPU
		{AB76B0CC-FCE3-4E2F-8340-67A6436DA227}.Release|iPhone.Deploy.0 = Release|Any CPU
		{AB76B0CC-FCE3-4E2F-8340-67A6436DA227}.Release|iPhoneSimulator.ActiveCfg = Release|Any CPU
		{AB76B0CC-FCE3-4E2F-8340-67A6436DA227}.Release|iPhoneSimulator.Build.0 = Release|Any CPU
		{AB76B0CC-FCE3-4E2F-8340-67A6436DA227}.Release|iPhoneSimulator.Deploy.0 = Release|Any CPU
	EndGlobalSection
	GlobalSection(SolutionProperties) = preSolution
		HideSolutionNode = FALSE
	EndGlobalSection
	GlobalSection(ExtensibilityGlobals) = postSolution
		SolutionGuid = {C78FE209-1BD5-4FB1-AAEB-FCAC313D4DDC}
	EndGlobalSection
EndGlobal
